
Microsoft Visual Studio Solution File, Format Version 12.00
# Visual Studio Version 17
VisualStudioVersion = 17.9.34728.123
MinimumVisualStudioVersion = 10.0.40219.1
Project("{FAE04EC0-301F-11D3-BF4B-00C04F79EFBC}") = "HM_Thread", "HM_Thread\HM_Thread.csproj", "{FABC08AF-E3F3-4037-99AD-EFD7BF2F835F}"
EndProject
Global
	GlobalSection(SolutionConfigurationPlatforms) = preSolution
		Debug|Any CPU = Debug|Any CPU
		Release|Any CPU = Release|Any CPU
	EndGlobalSection
	GlobalSection(ProjectConfigurationPlatforms) = postSolution
		{FABC08AF-E3F3-4037-99AD-EFD7BF2F835F}.Debug|Any CPU.ActiveCfg = Debug|Any CPU
		{FABC08AF-E3F3-4037-99AD-EFD7BF2F835F}.Debug|Any CPU.Build.0 = Debug|Any CPU
		{FABC08AF-E3F3-4037-99AD-EFD7BF2F835F}.Release|Any CPU.ActiveCfg = Release|Any CPU
		{FABC08AF-E3F3-4037-99AD-EFD7BF2F835F}.Release|Any CPU.Build.0 = Release|Any CPU
	EndGlobalSection
	GlobalSection(SolutionProperties) = preSolution
		HideSolutionNode = FALSE
	EndGlobalSection
	GlobalSection(ExtensibilityGlobals) = postSolution
		SolutionGuid = {171FF90A-465D-442D-B71E-E4BA14967C95}
	EndGlobalSection
EndGlobal
